
Microsoft Visual Studio Solution File, Format Version 12.00
# Visual Studio 14
VisualStudioVersion = 14.0.25420.1
MinimumVisualStudioVersion = 10.0.40219.1
Project("{FAE04EC0-301F-11D3-BF4B-00C04F79EFBC}") = "EaglesNestMobileApp.Core", "EaglesNestMobileApp.Core\EaglesNestMobileApp.Core.csproj", "{53513A67-A02D-44C1-B6E2-B21175A5D11F}"
EndProject
Project("{FAE04EC0-301F-11D3-BF4B-00C04F79EFBC}") = "EaglesNestMobileApp.Android", "EaglesNestMobileApp.Android\EaglesNestMobileApp.Android.csproj", "{5BA81B78-1197-4A99-B5CE-841EA743F1CD}"
EndProject
Project("{2150E333-8FDC-42A3-9474-1A3956D46DE8}") = "Targets", "Targets", "{9ACFE440-EACA-41BB-AB38-BB9D922723C7}"
EndProject
Global
	GlobalSection(SolutionConfigurationPlatforms) = preSolution
		Debug|Any CPU = Debug|Any CPU
		Release|Any CPU = Release|Any CPU
	EndGlobalSection
	GlobalSection(ProjectConfigurationPlatforms) = postSolution
		{53513A67-A02D-44C1-B6E2-B21175A5D11F}.Debug|Any CPU.ActiveCfg = Debug|Any CPU
		{53513A67-A02D-44C1-B6E2-B21175A5D11F}.Debug|Any CPU.Build.0 = Debug|Any CPU
		{53513A67-A02D-44C1-B6E2-B21175A5D11F}.Release|Any CPU.ActiveCfg = Release|Any CPU
		{53513A67-A02D-44C1-B6E2-B21175A5D11F}.Release|Any CPU.Build.0 = Release|Any CPU
		{5BA81B78-1197-4A99-B5CE-841EA743F1CD}.Debug|Any CPU.ActiveCfg = Debug|Any CPU
		{5BA81B78-1197-4A99-B5CE-841EA743F1CD}.Debug|Any CPU.Build.0 = Debug|Any CPU
		{5BA81B78-1197-4A99-B5CE-841EA743F1CD}.Debug|Any CPU.Deploy.0 = Debug|Any CPU
		{5BA81B78-1197-4A99-B5CE-841EA743F1CD}.Release|Any CPU.ActiveCfg = Release|Any CPU
		{5BA81B78-1197-4A99-B5CE-841EA743F1CD}.Release|Any CPU.Build.0 = Release|Any CPU
		{5BA81B78-1197-4A99-B5CE-841EA743F1CD}.Release|Any CPU.Deploy.0 = Release|Any CPU
	EndGlobalSection
	GlobalSection(SolutionProperties) = preSolution
		HideSolutionNode = FALSE
	EndGlobalSection
	GlobalSection(NestedProjects) = preSolution
		{5BA81B78-1197-4A99-B5CE-841EA743F1CD} = {9ACFE440-EACA-41BB-AB38-BB9D922723C7}
	EndGlobalSection
EndGlobal
